
Microsoft Visual Studio Solution File, Format Version 12.00
# Visual Studio Version 16
VisualStudioVersion = 16.0.30406.217
MinimumVisualStudioVersion = 10.0.40219.1
Project("{FAE04EC0-301F-11D3-BF4B-00C04F79EFBC}") = "Net_Framework_AOP", "Net_Framework_AOP\Net_Framework_AOP.csproj", "{CC4FA1A8-CFE3-4350-8C01-5BBBD7C5788E}"
EndProject
Project("{9A19103F-16F7-4668-BE54-9A1E7A4F7556}") = "NET_Core_3_1_AOP", "NET_Core_3_1_AOP\NET_Core_3_1_AOP.csproj", "{0A57656B-C248-491D-A4BD-8CC9E397DA4C}"
EndProject
Global
	GlobalSection(SolutionConfigurationPlatforms) = preSolution
		Debug|Any CPU = Debug|Any CPU
		Release|Any CPU = Release|Any CPU
	EndGlobalSection
	GlobalSection(ProjectConfigurationPlatforms) = postSolution
		{CC4FA1A8-CFE3-4350-8C01-5BBBD7C5788E}.Debug|Any CPU.ActiveCfg = Debug|Any CPU
		{CC4FA1A8-CFE3-4350-8C01-5BBBD7C5788E}.Debug|Any CPU.Build.0 = Debug|Any CPU
		{CC4FA1A8-CFE3-4350-8C01-5BBBD7C5788E}.Release|Any CPU.ActiveCfg = Release|Any CPU
		{CC4FA1A8-CFE3-4350-8C01-5BBBD7C5788E}.Release|Any CPU.Build.0 = Release|Any CPU
		{0A57656B-C248-491D-A4BD-8CC9E397DA4C}.Debug|Any CPU.ActiveCfg = Debug|Any CPU
		{0A57656B-C248-491D-A4BD-8CC9E397DA4C}.Debug|Any CPU.Build.0 = Debug|Any CPU
		{0A57656B-C248-491D-A4BD-8CC9E397DA4C}.Release|Any CPU.ActiveCfg = Release|Any CPU
		{0A57656B-C248-491D-A4BD-8CC9E397DA4C}.Release|Any CPU.Build.0 = Release|Any CPU
	EndGlobalSection
	GlobalSection(SolutionProperties) = preSolution
		HideSolutionNode = FALSE
	EndGlobalSection
	GlobalSection(ExtensibilityGlobals) = postSolution
		SolutionGuid = {AE030AAA-10C5-4C1A-9A63-6FD39D8A6B0A}
	EndGlobalSection
EndGlobal
